// !$*UTF8*$!
{
	archiveVersion = 1;
	classes = {
	};
	objectVersion = 77;
	objects = {

/* Begin PBXContainerItemProxy section */
		0171BCD72FF9517600C6565D /* PBXContainerItemProxy */ = {
			isa = PBXContainerItemProxy;
			containerPortal = 0171BCC12FF9517600C6565D /* Project object */;
			proxyType = 1;
			remoteGlobalIDString = 0171BCC82FF9517600C6565D;
			remoteInfo = MotionMIDI;
		};
		0171BCE12FF9517600C6565D /* PBXContainerItemProxy */ = {
			isa = PBXContainerItemProxy;
			containerPortal = 0171BCC12FF9517600C6565D /* Project object */;
			proxyType = 1;
			remoteGlobalIDString = 0171BCC82FF9517600C6565D;
			remoteInfo = MotionMIDI;
		};
/* End PBXContainerItemProxy section */

/* Begin PBXFileReference section */
		0171BCC92FF9517600C6565D /* MotionMIDI.app */ = {isa = PBXFileReference; explicitFileType = wrapper.application; includeInIndex = 0; path = MotionMIDI.app; sourceTree = BUILT_PRODUCTS_DIR; };
		0171BCD62FF9517600C6565D /* MotionMIDITests.xctest */ = {isa = PBXFileReference; explicitFileType = wrapper.cfbundle; includeInIndex = 0; path = MotionMIDITests.xctest; sourceTree = BUILT_PRODUCTS_DIR; };
		0171BCE02FF9517600C6565D /* MotionMIDIUITests.xctest */ = {isa = PBXFileReference; explicitFileType = wrapper.cfbundle; includeInIndex = 0; path = MotionMIDIUITests.xctest; sourceTree = BUILT_PRODUCTS_DIR; };
/* End PBXFileReference section */

/* Begin PBXFileSystemSynchronizedBuildFileExceptionSet section */
		01EE0DDF301FF99500DC2331 /* Exceptions for "MotionMIDI" folder in "MotionMIDI" target */ = {
			isa = PBXFileSystemSynchronizedBuildFileExceptionSet;
			membershipExceptions = (
				Info.plist,
			);
			target = 0171BCC82FF9517600C6565D /* MotionMIDI */;
		};
/* End PBXFileSystemSynchronizedBuildFileExceptionSet section */

/* Begin PBXFileSystemSynchronizedRootGroup section */
		0171BCCB2FF9517600C6565D /* MotionMIDI */ = {
			isa = PBXFileSystemSynchronizedRootGroup;
			exceptions = (
				01EE0DDF301FF99500DC2331 /* Exceptions for "MotionMIDI" folder in "MotionMIDI" target */,
			);
			path = MotionMIDI;
			sourceTree = "<group>";
		};
		0171BCD92FF9517600C6565D /* MotionMIDITests */ = {
			isa = PBXFileSystemSynchronizedRootGroup;
			path = MotionMIDITests;
			sourceTree = "<group>";
		};
		0171BCE32FF9517600C6565D /* MotionMIDIUITests */ = {
			isa = PBXFileSystemSynchronizedRootGroup;
			path = MotionMIDIUITests;
			sourceTree = "<group>";
		};
/* End PBXFileSystemSynchronizedRootGroup section */

/* Begin PBXFrameworksBuildPhase section */
		0171BCC62FF9517600C6565D /* Frameworks */ = {
			isa = PBXFrameworksBuildPhase;
			buildActionMask = 2147483647;
			files = (
			);
			runOnlyForDeploymentPostprocessing = 0;
		};
		0171BCD32FF9517600C6565D /* Frameworks */ = {
			isa = PBXFrameworksBuildPhase;
			buildActionMask = 2147483647;
			files = (
			);
			runOnlyForDeploymentPostprocessing = 0;
		};
		0171BCDD2FF9517600C6565D /* Frameworks */ = {
			isa = PBXFrameworksBuildPhase;
			buildActionMask = 2147483647;
			files = (
			);
			runOnlyForDeploymentPostprocessing = 0;
		};
/* End PBXFrameworksBuildPhase section */

/* Begin PBXGroup section */
		0171BCC02FF9517600C6565D = {
			isa = PBXGroup;
			children = (
				0171BCCB2FF9517600C6565D /* MotionMIDI */,
				0171BCD92FF9517600C6565D /* MotionMIDITests */,
				0171BCE32FF9517600C6565D /* MotionMIDIUITests */,
				0171BCCA2FF9517600C6565D /* Products */,
			);
			sourceTree = "<group>";
		};
		0171BCCA2FF9517600C6565D /* Products */ = {
			isa = PBXGroup;
			children = (
				0171BCC92FF9517600C6565D /* MotionMIDI.app */,
				0171BCD62FF9517600C6565D /* MotionMIDITests.xctest */,
				0171BCE02FF9517600C6565D /* MotionMIDIUITests.xctest */,
			);
			name = Products;
			sourceTree = "<group>";
		};
/* End PBXGroup section */

/* Begin PBXNativeTarget section */
		0171BCC82FF9517600C6565D /* MotionMIDI */ = {
			isa = PBXNativeTarget;
			buildConfigurationList = 0171BCEA2FF9517600C6565D /* Build configuration list for PBXNativeTarget "MotionMIDI" */;
			buildPhases = (
				0171BCC52FF9517600C6565D /* Sources */,
				0171BCC62FF9517600C6565D /* Frameworks */,
				0171BCC72FF9517600C6565D /* Resources */,
			);
			buildRules = (
			);
			dependencies = (
			);
			fileSystemSynchronizedGroups = (
				0171BCCB2FF9517600C6565D /* MotionMIDI */,
			);
			name = MotionMIDI;
			packageProductDependencies = (
			);
			productName = MotionMIDI;
			productReference = 0171BCC92FF9517600C6565D /* MotionMIDI.app */;
			productType = "com.apple.product-type.application";
		};
		0171BCD52FF9517600C6565D /* MotionMIDITests */ = {
			isa = PBXNativeTarget;
			buildConfigurationList = 0171BCED2FF9517600C6565D /* Build configuration list for PBXNativeTarget "MotionMIDITests" */;
			buildPhases = (
				0171BCD22FF9517600C6565D /* Sources */,
				0171BCD32FF9517600C6565D /* Frameworks */,
				0171BCD42FF9517600C6565D /* Resources */,
			);
			buildRules = (
			);
			dependencies = (
				0171BCD82FF9517600C6565D /* PBXTargetDependency */,
			);
			fileSystemSynchronizedGroups = (
				0171BCD92FF9517600C6565D /* MotionMIDITests */,
			);
			name = MotionMIDITests;
			packageProductDependencies = (
			);
			productName = MotionMIDITests;
			productReference = 0171BCD62FF9517600C6565D /* MotionMIDITests.xctest */;
			productType = "com.apple.product-type.bundle.unit-test";
		};
		0171BCDF2FF9517600C6565D /* MotionMIDIUITests */ = {
			isa = PBXNativeTarget;
			buildConfigurationList = 0171BCF02FF9517600C6565D /* Build configuration list for PBXNativeTarget "MotionMIDIUITests" */;
			buildPhases = (
				0171BCDC2FF9517600C6565D /* Sources */,
				0171BCDD2FF9517600C6565D /* Frameworks */,
				0171BCDE2FF9517600C6565D /* Resources */,
			);
			buildRules = (
			);
			dependencies = (
				0171BCE22FF9517600C6565D /* PBXTargetDependency */,
			);
			fileSystemSynchronizedGroups = (
				0171BCE32FF9517600C6565D /* MotionMIDIUITests */,
			);
			name = MotionMIDIUITests;
			packageProductDependencies = (
			);
			productName = MotionMIDIUITests;
			productReference = 0171BCE02FF9517600C6565D /* MotionMIDIUITests.xctest */;
			productType = "com.apple.product-type.bundle.ui-testing";
		};
/* End PBXNativeTarget section */

/* Begin PBXProject section */
		0171BCC12FF9517600C6565D /* Project object */ = {
			isa = PBXProject;
			attributes = {
				BuildIndependentTargetsInParallel = 1;
				LastSwiftUpdateCheck = 1640;
				LastUpgradeCheck = 1640;
				TargetAttributes = {
					0171BCC82FF9517600C6565D = {
						CreatedOnToolsVersion = 16.4;
					};
					0171BCD52FF9517600C6565D = {
						CreatedOnToolsVersion = 16.4;
						TestTargetID = 0171BCC82FF9517600C6565D;
					};
					0171BCDF2FF9517600C6565D = {
						CreatedOnToolsVersion = 16.4;
						TestTargetID = 0171BCC82FF9517600C6565D;
					};
				};
			};
			buildConfigurationList = 0171BCC42FF9517600C6565D /* Build configuration list for PBXProject "MotionMIDI" */;
			developmentRegion = en;
			hasScannedForEncodings = 0;
			knownRegions = (
				en,
				Base,
			);
			mainGroup = 0171BCC02FF9517600C6565D;
			minimizedProjectReferenceProxies = 1;
			preferredProjectObjectVersion = 77;
			productRefGroup = 0171BCCA2FF9517600C6565D /* Products */;
			projectDirPath = "";
			projectRoot = "";
			targets = (
				0171BCC82FF9517600C6565D /* MotionMIDI */,
				0171BCD52FF9517600C6565D /* MotionMIDITests */,
				0171BCDF2FF9517600C6565D /* MotionMIDIUITests */,
			);
		};
/* End PBXProject section */

/* Begin PBXResourcesBuildPhase section */
		0171BCC72FF9517600C6565D /* Resources */ = {
			isa = PBXResourcesBuildPhase;
			buildActionMask = 2147483647;
			files = (
			);
			runOnlyForDeploymentPostprocessing = 0;
		};
		0171BCD42FF9517600C6565D /* Resources */ = {
			isa = PBXResourcesBuildPhase;
			buildActionMask = 2147483647;
			files = (
			);
			runOnlyForDeploymentPostprocessing = 0;
		};
		0171BCDE2FF9517600C6565D /* Resources */ = {
			isa = PBXResourcesBuildPhase;
			buildActionMask = 2147483647;
			files = (
			);
			runOnlyForDeploymentPostprocessing = 0;
		};
/* End PBXResourcesBuildPhase section */

/* Begin PBXSourcesBuildPhase section */
		0171BCC52FF9517600C6565D /* Sources */ = {
			isa = PBXSourcesBuildPhase;
			buildActionMask = 2147483647;
			files = (
			);
			runOnlyForDeploymentPostprocessing = 0;
		};
		0171BCD22FF9517600C6565D /* Sources */ = {
			isa = PBXSourcesBuildPhase;
			buildActionMask = 2147483647;
			files = (
			);
			runOnlyForDeploymentPostprocessing = 0;
		};
		0171BCDC2FF9517600C6565D /* Sources */ = {
			isa = PBXSourcesBuildPhase;
			buildActionMask = 2147483647;
			files = (
			);
			runOnlyForDeploymentPostprocessing = 0;
		};
/* End PBXSourcesBuildPhase section */

/* Begin PBXTargetDependency section */
		0171BCD82FF9517600C6565D /* PBXTargetDependency */ = {
			isa = PBXTargetDependency;
			target = 0171BCC82FF9517600C6565D /* MotionMIDI */;
			targetProxy = 0171BCD72FF9517600C6565D /* PBXContainerItemProxy */;
		};
		0171BCE22FF9517600C6565D /* PBXTargetDependency */ = {
			isa = PBXTargetDependency;
			target = 0171BCC82FF9517600C6565D /* MotionMIDI */;
			targetProxy = 0171BCE12FF9517600C6565D /* PBXContainerItemProxy */;
		};
/* End PBXTargetDependency section */

/* Begin XCBuildConfiguration section */
		0171BCE82FF9517600C6565D /* Debug */ = {
			isa = XCBuildConfiguration;
			buildSettings = {
				ALWAYS_SEARCH_USER_PATHS = NO;
				ASSETCATALOG_COMPILER_GENERATE_SWIFT_ASSET_SYMBOL_EXTENSIONS = YES;
				CLANG_ANALYZER_NONNULL = YES;
				CLANG_ANALYZER_NUMBER_OBJECT_CONVERSION = YES_AGGRESSIVE;
				CLANG_CXX_LANGUAGE_STANDARD = "gnu++20";
				CLANG_ENABLE_MODULES = YES;
				CLANG_ENABLE_OBJC_ARC = YES;
				CLANG_ENABLE_OBJC_WEAK = YES;
				CLANG_WARN_BLOCK_CAPTURE_AUTORELEASING = YES;
				CLANG_WARN_BOOL_CONVERSION = YES;
				CLANG_WARN_COMMA = YES;
				CLANG_WARN_CONSTANT_CONVERSION = YES;
				CLANG_WARN_DEPRECATED_OBJC_IMPLEMENTATIONS = YES;
				CLANG_WARN_DIRECT_OBJC_ISA_USAGE = YES_ERROR;
				CLANG_WARN_DOCUMENTATION_COMMENTS = YES;
				CLANG_WARN_EMPTY_BODY = YES;
				CLANG_WARN_ENUM_CONVERSION = YES;
				CLANG_WARN_INFINITE_RECURSION = YES;
				CLANG_WARN_INT_CONVERSION = YES;
				CLANG_WARN_NON_LITERAL_NULL_CONVERSION = YES;
				CLANG_WARN_OBJC_IMPLICIT_RETAIN_SELF = YES;
				CLANG_WARN_OBJC_LITERAL_CONVERSION = YES;
				CLANG_WARN_OBJC_ROOT_CLASS = YES_ERROR;
				CLANG_WARN_QUOTED_INCLUDE_IN_FRAMEWORK_HEADER = YES;
				CLANG_WARN_RANGE_LOOP_ANALYSIS = YES;
				CLANG_WARN_STRICT_PROTOTYPES = YES;
				CLANG_WARN_SUSPICIOUS_MOVE = YES;
				CLANG_WARN_UNGUARDED_AVAILABILITY = YES_AGGRESSIVE;
				CLANG_WARN_UNREACHABLE_CODE = YES;
				CLANG_WARN__DUPLICATE_METHOD_MATCH = YES;
				COPY_PHASE_STRIP = NO;
				DEBUG_INFORMATION_FORMAT = dwarf;
				ENABLE_STRICT_OBJC_MSGSEND = YES;
				ENABLE_TESTABILITY = YES;
				ENABLE_USER_SCRIPT_SANDBOXING = YES;
				GCC_C_LANGUAGE_STANDARD = gnu17;
				GCC_DYNAMIC_NO_PIC = NO;
				GCC_NO_COMMON_BLOCKS = YES;
				GCC_OPTIMIZATION_LEVEL = 0;
				GCC_PREPROCESSOR_DEFINITIONS = (
					"DEBUG=1",
					"$(inherited)",
				);
				GCC_WARN_64_TO_32_BIT_CONVERSION = YES;
				GCC_WARN_ABOUT_RETURN_TYPE = YES_ERROR;
				GCC_WARN_UNDECLARED_SELECTOR = YES;
				GCC_WARN_UNINITIALIZED_AUTOS = YES_AGGRESSIVE;
				GCC_WARN_UNUSED_FUNCTION = YES;
				GCC_WARN_UNUSED_VARIABLE = YES;
				IPHONEOS_DEPLOYMENT_TARGET = 18.5;
				LOCALIZATION_PREFERS_STRING_CATALOGS = YES;
				MTL_ENABLE_DEBUG_INFO = INCLUDE_SOURCE;
				MTL_FAST_MATH = YES;
				ONLY_ACTIVE_ARCH = YES;
				SDKROOT = iphoneos;
				SWIFT_ACTIVE_COMPILATION_CONDITIONS = "DEBUG $(inherited)";
				SWIFT_OPTIMIZATION_LEVEL = "-Onone";
			};
			name = Debug;
		};
		0171BCE92FF9517600C6565D /* Release */ = {
			isa = XCBuildConfiguration;
			buildSettings = {
				ALWAYS_SEARCH_USER_PATHS = NO;
				ASSETCATALOG_COMPILER_GENERATE_SWIFT_ASSET_SYMBOL_EXTENSIONS = YES;
				CLANG_ANALYZER_NONNULL = YES;
				CLANG_ANALYZER_NUMBER_OBJECT_CONVERSION = YES_AGGRESSIVE;
				CLANG_CXX_LANGUAGE_STANDARD = "gnu++20";
				CLANG_ENABLE_MODULES = YES;
				CLANG_ENABLE_OBJC_ARC = YES;
				CLANG_ENABLE_OBJC_WEAK = YES;
				CLANG_WARN_BLOCK_CAPTURE_AUTORELEASING = YES;
				CLANG_WARN_BOOL_CONVERSION = YES;
				CLANG_WARN_COMMA = YES;
				CLANG_WARN_CONSTANT_CONVERSION = YES;
				CLANG_WARN_DEPRECATED_OBJC_IMPLEMENTATIONS = YES;
				CLANG_WARN_DIRECT_OBJC_ISA_USAGE = YES_ERROR;
				CLANG_WARN_DOCUMENTATION_COMMENTS = YES;
				CLANG_WARN_EMPTY_BODY = YES;
				CLANG_WARN_ENUM_CONVERSION = YES;
				CLANG_WARN_INFINITE_RECURSION = YES;
				CLANG_WARN_INT_CONVERSION = YES;
				CLANG_WARN_NON_LITERAL_NULL_CONVERSION = YES;
				CLANG_WARN_OBJC_IMPLICIT_RETAIN_SELF = YES;
				CLANG_WARN_OBJC_LITERAL_CONVERSION = YES;
				CLANG_WARN_OBJC_ROOT_CLASS = YES_ERROR;
				CLANG_WARN_QUOTED_INCLUDE_IN_FRAMEWORK_HEADER = YES;
				CLANG_WARN_RANGE_LOOP_ANALYSIS = YES;
				CLANG_WARN_STRICT_PROTOTYPES = YES;
				CLANG_WARN_SUSPICIOUS_MOVE = YES;
				CLANG_WARN_UNGUARDED_AVAILABILITY = YES_AGGRESSIVE;
				CLANG_WARN_UNREACHABLE_CODE = YES;
				CLANG_WARN__DUPLICATE_METHOD_MATCH = YES;
				COPY_PHASE_STRIP = NO;
				DEBUG_INFORMATION_FORMAT = "dwarf-with-dsym";
				ENABLE_NS_ASSERTIONS = NO;
				ENABLE_STRICT_OBJC_MSGSEND = YES;
				ENABLE_USER_SCRIPT_SANDBOXING = YES;
				GCC_C_LANGUAGE_STANDARD = gnu17;
				GCC_NO_COMMON_BLOCKS = YES;
				GCC_WARN_64_TO_32_BIT_CONVERSION = YES;
				GCC_WARN_ABOUT_RETURN_TYPE = YES_ERROR;
				GCC_WARN_UNDECLARED_SELECTOR = YES;
				GCC_WARN_UNINITIALIZED_AUTOS = YES_AGGRESSIVE;
				GCC_WARN_UNUSED_FUNCTION = YES;
				GCC_WARN_UNUSED_VARIABLE = YES;
				IPHONEOS_DEPLOYMENT_TARGET = 18.5;
				LOCALIZATION_PREFERS_STRING_CATALOGS = YES;
				MTL_ENABLE_DEBUG_INFO = NO;
				MTL_FAST_MATH = YES;
				SDKROOT = iphoneos;
				SWIFT_COMPILATION_MODE = wholemodule;
				VALIDATE_PRODUCT = YES;
			};
			name = Release;
		};
		0171BCEB2FF9517600C6565D /* Debug */ = {
			isa = XCBuildConfiguration;
			buildSettings = {
				ASSETCATALOG_COMPILER_APPICON_NAME = AppIcon;
				ASSETCATALOG_COMPILER_GLOBAL_ACCENT_COLOR_NAME = AccentColor;
				CODE_SIGN_STYLE = Automatic;
				CURRENT_PROJECT_VERSION = 5;
				DEVELOPMENT_TEAM = 8K75675Y38;
				ENABLE_PREVIEWS = YES;
				GENERATE_INFOPLIST_FILE = YES;
				INFOPLIST_FILE = MotionMIDI/Info.plist;
				INFOPLIST_KEY_CFBundleDisplayName = MotionMIDI;
				INFOPLIST_KEY_LSApplicationCategoryType = "public.app-category.music";
				INFOPLIST_KEY_NSBluetoothAlwaysUsageDescription = "Motion MIDI Pro uses Bluetooth to send MIDI to your iPad.";
				INFOPLIST_KEY_UIApplicationSceneManifest_Generation = YES;
				INFOPLIST_KEY_UIApplicationSupportsIndirectInputEvents = YES;
				INFOPLIST_KEY_UILaunchScreen_Generation = YES;
				INFOPLIST_KEY_UISupportedInterfaceOrientations_iPad = "UIInterfaceOrientationPortrait UIInterfaceOrientationPortraitUpsideDown UIInterfaceOrientationLandscapeLeft UIInterfaceOrientationLandscapeRight";
				INFOPLIST_KEY_UISupportedInterfaceOrientations_iPhone = "UIInterfaceOrientationPortrait UIInterfaceOrientationLandscapeLeft UIInterfaceOrientationLandscapeRight";
				LD_RUNPATH_SEARCH_PATHS = (
					"$(inherited)",
					"@executable_path/Frameworks",
				);
				MARKETING_VERSION = 1.0;
				PRODUCT_BUNDLE_IDENTIFIER = com.mrbradsmusic.MotionMIDI;
				PRODUCT_NAME = "$(TARGET_NAME)";
				SWIFT_EMIT_LOC_STRINGS = YES;
				SWIFT_VERSION = 5.0;
				TARGETED_DEVICE_FAMILY = "1,2";
			};
			name = Debug;
		};
		0171BCEC2FF9517600C6565D /* Release */ = {
			isa = XCBuildConfiguration;
			buildSettings = {
				ASSETCATALOG_COMPILER_APPICON_NAME = AppIcon;
				ASSETCATALOG_COMPILER_GLOBAL_ACCENT_COLOR_NAME = AccentColor;
				CODE_SIGN_STYLE = Automatic;
				CURRENT_PROJECT_VERSION = 5;
				DEVELOPMENT_TEAM = 8K75675Y38;
				ENABLE_PREVIEWS = YES;
				GENERATE_INFOPLIST_FILE = YES;
				INFOPLIST_FILE = MotionMIDI/Info.plist;
				INFOPLIST_KEY_CFBundleDisplayName = MotionMIDI;
				INFOPLIST_KEY_LSApplicationCategoryType = "public.app-category.music";
				INFOPLIST_KEY_NSBluetoothAlwaysUsageDescription = "Motion MIDI Pro uses Bluetooth to send MIDI to your iPad.";
				INFOPLIST_KEY_UIApplicationSceneManifest_Generation = YES;
				INFOPLIST_KEY_UIApplicationSupportsIndirectInputEvents = YES;
				INFOPLIST_KEY_UILaunchScreen_Generation = YES;
				INFOPLIST_KEY_UISupportedInterfaceOrientations_iPad = "UIInterfaceOrientationPortrait UIInterfaceOrientationPortraitUpsideDown UIInterfaceOrientationLandscapeLeft UIInterfaceOrientationLandscapeRight";
				INFOPLIST_KEY_UISupportedInterfaceOrientations_iPhone = "UIInterfaceOrientationPortrait UIInterfaceOrientationLandscapeLeft UIInterfaceOrientationLandscapeRight";
				LD_RUNPATH_SEARCH_PATHS = (
					"$(inherited)",
					"@executable_path/Frameworks",
				);
				MARKETING_VERSION = 1.0;
				PRODUCT_BUNDLE_IDENTIFIER = com.mrbradsmusic.MotionMIDI;
				PRODUCT_NAME = "$(TARGET_NAME)";
				SWIFT_EMIT_LOC_STRINGS = YES;
				SWIFT_VERSION = 5.0;
				TARGETED_DEVICE_FAMILY = "1,2";
			};
			name = Release;
		};
		0171BCEE2FF9517600C6565D /* Debug */ = {
			isa = XCBuildConfiguration;
			buildSettings = {
				BUNDLE_LOADER = "$(TEST_HOST)";
				CODE_SIGN_STYLE = Automatic;
				CURRENT_PROJECT_VERSION = 1;
				GENERATE_INFOPLIST_FILE = YES;
				IPHONEOS_DEPLOYMENT_TARGET = 18.5;
				MARKETING_VERSION = 1.0;
				PRODUCT_BUNDLE_IDENTIFIER = com.mrbradsmusic.MotionMIDITests;
				PRODUCT_NAME = "$(TARGET_NAME)";
				SWIFT_EMIT_LOC_STRINGS = NO;
				SWIFT_VERSION = 5.0;
				TARGETED_DEVICE_FAMILY = "1,2";
				TEST_HOST = "$(BUILT_PRODUCTS_DIR)/MotionMIDI.app/$(BUNDLE_EXECUTABLE_FOLDER_PATH)/MotionMIDI";
			};
			name = Debug;
		};
		0171BCEF2FF9517600C6565D /* Release */ = {
			isa = XCBuildConfiguration;
			buildSettings = {
				BUNDLE_LOADER = "$(TEST_HOST)";
				CODE_SIGN_STYLE = Automatic;
				CURRENT_PROJECT_VERSION = 1;
				GENERATE_INFOPLIST_FILE = YES;
				IPHONEOS_DEPLOYMENT_TARGET = 18.5;
				MARKETING_VERSION = 1.0;
				PRODUCT_BUNDLE_IDENTIFIER = com.mrbradsmusic.MotionMIDITests;
				PRODUCT_NAME = "$(TARGET_NAME)";
				SWIFT_EMIT_LOC_STRINGS = NO;
				SWIFT_VERSION = 5.0;
				TARGETED_DEVICE_FAMILY = "1,2";
				TEST_HOST = "$(BUILT_PRODUCTS_DIR)/MotionMIDI.app/$(BUNDLE_EXECUTABLE_FOLDER_PATH)/MotionMIDI";
			};
			name = Release;
		};
		0171BCF12FF9517600C6565D /* Debug */ = {
			isa = XCBuildConfiguration;
			buildSettings = {
				CODE_SIGN_STYLE = Automatic;
				CURRENT_PROJECT_VERSION = 1;
				GENERATE_INFOPLIST_FILE = YES;
				MARKETING_VERSION = 1.0;
				PRODUCT_BUNDLE_IDENTIFIER = com.mrbradsmusic.MotionMIDIUITests;
				PRODUCT_NAME = "$(TARGET_NAME)";
				SWIFT_EMIT_LOC_STRINGS = NO;
				SWIFT_VERSION = 5.0;
				TARGETED_DEVICE_FAMILY = "1,2";
				TEST_TARGET_NAME = MotionMIDI;
			};
			name = Debug;
		};
		0171BCF22FF9517600C6565D /* Release */ = {
			isa = XCBuildConfiguration;
			buildSettings = {
				CODE_SIGN_STYLE = Automatic;
				CURRENT_PROJECT_VERSION = 1;
				GENERATE_INFOPLIST_FILE = YES;
				MARKETING_VERSION = 1.0;
				PRODUCT_BUNDLE_IDENTIFIER = com.mrbradsmusic.MotionMIDIUITests;
				PRODUCT_NAME = "$(TARGET_NAME)";
				SWIFT_EMIT_LOC_STRINGS = NO;
				SWIFT_VERSION = 5.0;
				TARGETED_DEVICE_FAMILY = "1,2";
				TEST_TARGET_NAME = MotionMIDI;
			};
			name = Release;
		};
/* End XCBuildConfiguration section */

/* Begin XCConfigurationList section */
		0171BCC42FF9517600C6565D /* Build configuration list for PBXProject "MotionMIDI" */ = {
			isa = XCConfigurationList;
			buildConfigurations = (
				0171BCE82FF9517600C6565D /* Debug */,
				0171BCE92FF9517600C6565D /* Release */,
			);
			defaultConfigurationIsVisible = 0;
			defaultConfigurationName = Release;
		};
		0171BCEA2FF9517600C6565D /* Build configuration list for PBXNativeTarget "MotionMIDI" */ = {
			isa = XCConfigurationList;
			buildConfigurations = (
				0171BCEB2FF9517600C6565D /* Debug */,
				0171BCEC2FF9517600C6565D /* Release */,
			);
			defaultConfigurationIsVisible = 0;
			defaultConfigurationName = Release;
		};
		0171BCED2FF9517600C6565D /* Build configuration list for PBXNativeTarget "MotionMIDITests" */ = {
			isa = XCConfigurationList;
			buildConfigurations = (
				0171BCEE2FF9517600C6565D /* Debug */,
				0171BCEF2FF9517600C6565D /* Release */,
			);
			defaultConfigurationIsVisible = 0;
			defaultConfigurationName = Release;
		};
		0171BCF02FF9517600C6565D /* Build configuration list for PBXNativeTarget "MotionMIDIUITests" */ = {
			isa = XCConfigurationList;
			buildConfigurations = (
				0171BCF12FF9517600C6565D /* Debug */,
				0171BCF22FF9517600C6565D /* Release */,
			);
			defaultConfigurationIsVisible = 0;
			defaultConfigurationName = Release;
		};
/* End XCConfigurationList section */
	};
	rootObject = 0171BCC12FF9517600C6565D /* Project object */;
}
